// !$*UTF8*$!
{
	archiveVersion = 1;
	classes = {
	};
	objectVersion = 55;
	objects = {

/* Begin PBXBuildFile section */
		8799C0E1288F00C000E06A7F /* AppDelegate.swift in Sources */ = {isa = PBXBuildFile; fileRef = 8799C0E0288F00C000E06A7F /* AppDelegate.swift */; };
		8799C0E3288F00C000E06A7F /* SceneDelegate.swift in Sources */ = {isa = PBXBuildFile; fileRef = 8799C0E2288F00C000E06A7F /* SceneDelegate.swift */; };
		8799C0E5288F00C000E06A7F /* ViewController.swift in Sources */ = {isa = PBXBuildFile; fileRef = 8799C0E4288F00C000E06A7F /* ViewController.swift */; };
		8799C0E8288F00C000E06A7F /* Main.storyboard in Resources */ = {isa = PBXBuildFile; fileRef = 8799C0E6288F00C000E06A7F /* Main.storyboard */; };
		8799C0EA288F00C100E06A7F /* Assets.xcassets in Resources */ = {isa = PBXBuildFile; fileRef = 8799C0E9288F00C100E06A7F /* Assets.xcassets */; };
		8799C0ED288F00C100E06A7F /* LaunchScreen.storyboard in Resources */ = {isa = PBXBuildFile; fileRef = 8799C0EB288F00C100E06A7F /* LaunchScreen.storyboard */; };
		8799C0F5288F0A8300E06A7F /* myAudio.mp3 in Resources */ = {isa = PBXBuildFile; fileRef = 8799C0F4288F0A8300E06A7F /* myAudio.mp3 */; };
		AA177E82EB22E8B0D8003948 /* Pods_AudioKurakin.framework in Frameworks */ = {isa = PBXBuildFile; fileRef = 8188594095285294A9705781 /* Pods_AudioKurakin.framework */; };
/* End PBXBuildFile section */

/* Begin PBXFileReference section */
		4C8823F0AE6A914687A4226A /* Pods-AudioKurakin.debug.xcconfig */ = {isa = PBXFileReference; includeInIndex = 1; lastKnownFileType = text.xcconfig; name = "Pods-AudioKurakin.debug.xcconfig"; path = "Target Support Files/Pods-AudioKurakin/Pods-AudioKurakin.debug.xcconfig"; sourceTree = "<group>"; };
		8188594095285294A9705781 /* Pods_AudioKurakin.framework */ = {isa = PBXFileReference; explicitFileType = wrapper.framework; includeInIndex = 0; path = Pods_AudioKurakin.framework; sourceTree = BUILT_PRODUCTS_DIR; };
		8799C0DD288F00C000E06A7F /* AudioKurakin.app */ = {isa = PBXFileReference; explicitFileType = wrapper.application; includeInIndex = 0; path = AudioKurakin.app; sourceTree = BUILT_PRODUCTS_DIR; };
		8799C0E0288F00C000E06A7F /* AppDelegate.swift */ = {isa = PBXFileReference; lastKnownFileType = sourcecode.swift; path = AppDelegate.swift; sourceTree = "<group>"; };
		8799C0E2288F00C000E06A7F /* SceneDelegate.swift */ = {isa = PBXFileReference; lastKnownFileType = sourcecode.swift; path = SceneDelegate.swift; sourceTree = "<group>"; };
		8799C0E4288F00C000E06A7F /* ViewController.swift */ = {isa = PBXFileReference; lastKnownFileType = sourcecode.swift; path = ViewController.swift; sourceTree = "<group>"; };
		8799C0E7288F00C000E06A7F /* Base */ = {isa = PBXFileReference; lastKnownFileType = file.storyboard; name = Base; path = Base.lproj/Main.storyboard; sourceTree = "<group>"; };
		8799C0E9288F00C100E06A7F /* Assets.xcassets */ = {isa = PBXFileReference; lastKnownFileType = folder.assetcatalog; path = Assets.xcassets; sourceTree = "<group>"; };
		8799C0EC288F00C100E06A7F /* Base */ = {isa = PBXFileReference; lastKnownFileType = file.storyboard; name = Base; path = Base.lproj/LaunchScreen.storyboard; sourceTree = "<group>"; };
		8799C0EE288F00C100E06A7F /* Info.plist */ = {isa = PBXFileReference; lastKnownFileType = text.plist.xml; path = Info.plist; sourceTree = "<group>"; };
		8799C0F4288F0A8300E06A7F /* myAudio.mp3 */ = {isa = PBXFileReference; lastKnownFileType = audio.mp3; name = myAudio.mp3; path = ../../../../Downloads/myAudio.mp3; sourceTree = "<group>"; };
		BD8CBA242E2E9C9B1F12D51C /* Pods-AudioKurakin.release.xcconfig */ = {isa = PBXFileReference; includeInIndex = 1; lastKnownFileType = text.xcconfig; name = "Pods-AudioKurakin.release.xcconfig"; path = "Target Support Files/Pods-AudioKurakin/Pods-AudioKurakin.release.xcconfig"; sourceTree = "<group>"; };
/* End PBXFileReference section */

/* Begin PBXFrameworksBuildPhase section */
		8799C0DA288F00C000E06A7F /* Frameworks */ = {
			isa = PBXFrameworksBuildPhase;
			buildActionMask = 2147483647;
			files = (
				AA177E82EB22E8B0D8003948 /* Pods_AudioKurakin.framework in Frameworks */,
			);
			runOnlyForDeploymentPostprocessing = 0;
		};
/* End PBXFrameworksBuildPhase section */

/* Begin PBXGroup section */
		8799C0D4288F00C000E06A7F = {
			isa = PBXGroup;
			children = (
				8799C0DF288F00C000E06A7F /* AudioKurakin */,
				8799C0DE288F00C000E06A7F /* Products */,
				DD5E4F6146E0F78E42717DDA /* Pods */,
				DBCECDF837AACD403CE13E8C /* Frameworks */,
			);
			sourceTree = "<group>";
		};
		8799C0DE288F00C000E06A7F /* Products */ = {
			isa = PBXGroup;
			children = (
				8799C0DD288F00C000E06A7F /* AudioKurakin.app */,
			);
			name = Products;
			sourceTree = "<group>";
		};
		8799C0DF288F00C000E06A7F /* AudioKurakin */ = {
			isa = PBXGroup;
			children = (
				8799C0E0288F00C000E06A7F /* AppDelegate.swift */,
				8799C0E2288F00C000E06A7F /* SceneDelegate.swift */,
				8799C0E4288F00C000E06A7F /* ViewController.swift */,
				8799C0E6288F00C000E06A7F /* Main.storyboard */,
				8799C0E9288F00C100E06A7F /* Assets.xcassets */,
				8799C0EB288F00C100E06A7F /* LaunchScreen.storyboard */,
				8799C0EE288F00C100E06A7F /* Info.plist */,
				8799C0F4288F0A8300E06A7F /* myAudio.mp3 */,
			);
			path = AudioKurakin;
			sourceTree = "<group>";
		};
		DBCECDF837AACD403CE13E8C /* Frameworks */ = {
			isa = PBXGroup;
			children = (
				8188594095285294A9705781 /* Pods_AudioKurakin.framework */,
			);
			name = Frameworks;
			sourceTree = "<group>";
		};
		DD5E4F6146E0F78E42717DDA /* Pods */ = {
			isa = PBXGroup;
			children = (
				4C8823F0AE6A914687A4226A /* Pods-AudioKurakin.debug.xcconfig */,
				BD8CBA242E2E9C9B1F12D51C /* Pods-AudioKurakin.release.xcconfig */,
			);
			path = Pods;
			sourceTree = "<group>";
		};
/* End PBXGroup section */

/* Begin PBXNativeTarget section */
		8799C0DC288F00C000E06A7F /* AudioKurakin */ = {
			isa = PBXNativeTarget;
			buildConfigurationList = 8799C0F1288F00C100E06A7F /* Build configuration list for PBXNativeTarget "AudioKurakin" */;
			buildPhases = (
				0A4E44C4840F267A252EB992 /* [CP] Check Pods Manifest.lock */,
				8799C0D9288F00C000E06A7F /* Sources */,
				8799C0DA288F00C000E06A7F /* Frameworks */,
				8799C0DB288F00C000E06A7F /* Resources */,
			);
			buildRules = (
			);
			dependencies = (
			);
			name = AudioKurakin;
			packageProductDependencies = (
			);
			productName = AudioKurakin;
			productReference = 8799C0DD288F00C000E06A7F /* AudioKurakin.app */;
			productType = "com.apple.product-type.application";
		};
/* End PBXNativeTarget section */

/* Begin PBXProject section */
		8799C0D5288F00C000E06A7F /* Project object */ = {
			isa = PBXProject;
			attributes = {
				BuildIndependentTargetsInParallel = 1;
				LastSwiftUpdateCheck = 1340;
				LastUpgradeCheck = 1340;
				TargetAttributes = {
					8799C0DC288F00C000E06A7F = {
						CreatedOnToolsVersion = 13.4.1;
					};
				};
			};
			buildConfigurationList = 8799C0D8288F00C000E06A7F /* Build configuration list for PBXProject "AudioKurakin" */;
			compatibilityVersion = "Xcode 13.0";
			developmentRegion = en;
			hasScannedForEncodings = 0;
			knownRegions = (
				en,
				Base,
			);
			mainGroup = 8799C0D4288F00C000E06A7F;
			packageReferences = (
				8799C1162891752A00E06A7F /* XCRemoteSwiftPackageReference "AudioKit" */,
			);
			productRefGroup = 8799C0DE288F00C000E06A7F /* Products */;
			projectDirPath = "";
			projectRoot = "";
			targets = (
				8799C0DC288F00C000E06A7F /* AudioKurakin */,
			);
		};
/* End PBXProject section */

/* Begin PBXResourcesBuildPhase section */
		8799C0DB288F00C000E06A7F /* Resources */ = {
			isa = PBXResourcesBuildPhase;
			buildActionMask = 2147483647;
			files = (
				8799C0F5288F0A8300E06A7F /* myAudio.mp3 in Resources */,
				8799C0ED288F00C100E06A7F /* LaunchScreen.storyboard in Resources */,
				8799C0EA288F00C100E06A7F /* Assets.xcassets in Resources */,
				8799C0E8288F00C000E06A7F /* Main.storyboard in Resources */,
			);
			runOnlyForDeploymentPostprocessing = 0;
		};
/* End PBXResourcesBuildPhase section */

/* Begin PBXShellScriptBuildPhase section */
		0A4E44C4840F267A252EB992 /* [CP] Check Pods Manifest.lock */ = {
			isa = PBXShellScriptBuildPhase;
			buildActionMask = 2147483647;
			files = (
			);
			inputFileListPaths = (
			);
			inputPaths = (
				"${PODS_PODFILE_DIR_PATH}/Podfile.lock",
				"${PODS_ROOT}/Manifest.lock",
			);
			name = "[CP] Check Pods Manifest.lock";
			outputFileListPaths = (
			);
			outputPaths = (
				"$(DERIVED_FILE_DIR)/Pods-AudioKurakin-checkManifestLockResult.txt",
			);
			runOnlyForDeploymentPostprocessing = 0;
			shellPath = /bin/sh;
			shellScript = "diff \"${PODS_PODFILE_DIR_PATH}/Podfile.lock\" \"${PODS_ROOT}/Manifest.lock\" > /dev/null\nif [ $? != 0 ] ; then\n    # print error to STDERR\n    echo \"error: The sandbox is not in sync with the Podfile.lock. Run 'pod install' or update your CocoaPods installation.\" >&2\n    exit 1\nfi\n# This output is used by Xcode 'outputs' to avoid re-running this script phase.\necho \"SUCCESS\" > \"${SCRIPT_OUTPUT_FILE_0}\"\n";
			showEnvVarsInLog = 0;
		};
/* End PBXShellScriptBuildPhase section */

/* Begin PBXSourcesBuildPhase section */
		8799C0D9288F00C000E06A7F /* Sources */ = {
			isa = PBXSourcesBuildPhase;
			buildActionMask = 2147483647;
			files = (
				8799C0E5288F00C000E06A7F /* ViewController.swift in Sources */,
				8799C0E1288F00C000E06A7F /* AppDelegate.swift in Sources */,
				8799C0E3288F00C000E06A7F /* SceneDelegate.swift in Sources */,
			);
			runOnlyForDeploymentPostprocessing = 0;
		};
/* End PBXSourcesBuildPhase section */

/* Begin PBXVariantGroup section */
		8799C0E6288F00C000E06A7F /* Main.storyboard */ = {
			isa = PBXVariantGroup;
			children = (
				8799C0E7288F00C000E06A7F /* Base */,
			);
			name = Main.storyboard;
			sourceTree = "<group>";
		};
		8799C0EB288F00C100E06A7F /* LaunchScreen.storyboard */ = {
			isa = PBXVariantGroup;
			children = (
				8799C0EC288F00C100E06A7F /* Base */,
			);
			name = LaunchScreen.storyboard;
			sourceTree = "<group>";
		};
/* End PBXVariantGroup section */

/* Begin XCBuildConfiguration section */
		8799C0EF288F00C100E06A7F /* Debug */ = {
			isa = XCBuildConfiguration;
			buildSettings = {
				ALWAYS_SEARCH_USER_PATHS = NO;
				CLANG_ANALYZER_NONNULL = YES;
				CLANG_ANALYZER_NUMBER_OBJECT_CONVERSION = YES_AGGRESSIVE;
				CLANG_CXX_LANGUAGE_STANDARD = "gnu++17";
				CLANG_ENABLE_MODULES = YES;
				CLANG_ENABLE_OBJC_ARC = YES;
				CLANG_ENABLE_OBJC_WEAK = YES;
				CLANG_WARN_BLOCK_CAPTURE_AUTORELEASING = YES;
				CLANG_WARN_BOOL_CONVERSION = YES;
				CLANG_WARN_COMMA = YES;
				CLANG_WARN_CONSTANT_CONVERSION = YES;
				CLANG_WARN_DEPRECATED_OBJC_IMPLEMENTATIONS = YES;
				CLANG_WARN_DIRECT_OBJC_ISA_USAGE = YES_ERROR;
				CLANG_WARN_DOCUMENTATION_COMMENTS = YES;
				CLANG_WARN_EMPTY_BODY = YES;
				CLANG_WARN_ENUM_CONVERSION = YES;
				CLANG_WARN_INFINITE_RECURSION = YES;
				CLANG_WARN_INT_CONVERSION = YES;
				CLANG_WARN_NON_LITERAL_NULL_CONVERSION = YES;
				CLANG_WARN_OBJC_IMPLICIT_RETAIN_SELF = YES;
				CLANG_WARN_OBJC_LITERAL_CONVERSION = YES;
				CLANG_WARN_OBJC_ROOT_CLASS = YES_ERROR;
				CLANG_WARN_QUOTED_INCLUDE_IN_FRAMEWORK_HEADER = YES;
				CLANG_WARN_RANGE_LOOP_ANALYSIS = YES;
				CLANG_WARN_STRICT_PROTOTYPES = YES;
				CLANG_WARN_SUSPICIOUS_MOVE = YES;
				CLANG_WARN_UNGUARDED_AVAILABILITY = YES_AGGRESSIVE;
				CLANG_WARN_UNREACHABLE_CODE = YES;
				CLANG_WARN__DUPLICATE_METHOD_MATCH = YES;
				COPY_PHASE_STRIP = NO;
				DEBUG_INFORMATION_FORMAT = dwarf;
				ENABLE_STRICT_OBJC_MSGSEND = YES;
				ENABLE_TESTABILITY = YES;
				GCC_C_LANGUAGE_STANDARD = gnu11;
				GCC_DYNAMIC_NO_PIC = NO;
				GCC_NO_COMMON_BLOCKS = YES;
				GCC_OPTIMIZATION_LEVEL = 0;
				GCC_PREPROCESSOR_DEFINITIONS = (
					"DEBUG=1",
					"$(inherited)",
				);
				GCC_WARN_64_TO_32_BIT_CONVERSION = YES;
				GCC_WARN_ABOUT_RETURN_TYPE = YES_ERROR;
				GCC_WARN_UNDECLARED_SELECTOR = YES;
				GCC_WARN_UNINITIALIZED_AUTOS = YES_AGGRESSIVE;
				GCC_WARN_UNUSED_FUNCTION = YES;
				GCC_WARN_UNUSED_VARIABLE = YES;
				IPHONEOS_DEPLOYMENT_TARGET = 15.5;
				MTL_ENABLE_DEBUG_INFO = INCLUDE_SOURCE;
				MTL_FAST_MATH = YES;
				ONLY_ACTIVE_ARCH = YES;
				SDKROOT = iphoneos;
				SWIFT_ACTIVE_COMPILATION_CONDITIONS = DEBUG;
				SWIFT_OPTIMIZATION_LEVEL = "-Onone";
			};
			name = Debug;
		};
		8799C0F0288F00C100E06A7F /* Release */ = {
			isa = XCBuildConfiguration;
			buildSettings = {
				ALWAYS_SEARCH_USER_PATHS = NO;
				CLANG_ANALYZER_NONNULL = YES;
				CLANG_ANALYZER_NUMBER_OBJECT_CONVERSION = YES_AGGRESSIVE;
				CLANG_CXX_LANGUAGE_STANDARD = "gnu++17";
				CLANG_ENABLE_MODULES = YES;
				CLANG_ENABLE_OBJC_ARC = YES;
				CLANG_ENABLE_OBJC_WEAK = YES;
				CLANG_WARN_BLOCK_CAPTURE_AUTORELEASING = YES;
				CLANG_WARN_BOOL_CONVERSION = YES;
				CLANG_WARN_COMMA = YES;
				CLANG_WARN_CONSTANT_CONVERSION = YES;
				CLANG_WARN_DEPRECATED_OBJC_IMPLEMENTATIONS = YES;
				CLANG_WARN_DIRECT_OBJC_ISA_USAGE = YES_ERROR;
				CLANG_WARN_DOCUMENTATION_COMMENTS = YES;
				CLANG_WARN_EMPTY_BODY = YES;
				CLANG_WARN_ENUM_CONVERSION = YES;
				CLANG_WARN_INFINITE_RECURSION = YES;
				CLANG_WARN_INT_CONVERSION = YES;
				CLANG_WARN_NON_LITERAL_NULL_CONVERSION = YES;
				CLANG_WARN_OBJC_IMPLICIT_RETAIN_SELF = YES;
				CLANG_WARN_OBJC_LITERAL_CONVERSION = YES;
				CLANG_WARN_OBJC_ROOT_CLASS = YES_ERROR;
				CLANG_WARN_QUOTED_INCLUDE_IN_FRAMEWORK_HEADER = YES;
				CLANG_WARN_RANGE_LOOP_ANALYSIS = YES;
				CLANG_WARN_STRICT_PROTOTYPES = YES;
				CLANG_WARN_SUSPICIOUS_MOVE = YES;
				CLANG_WARN_UNGUARDED_AVAILABILITY = YES_AGGRESSIVE;
				CLANG_WARN_UNREACHABLE_CODE = YES;
				CLANG_WARN__DUPLICATE_METHOD_MATCH = YES;
				COPY_PHASE_STRIP = NO;
				DEBUG_INFORMATION_FORMAT = "dwarf-with-dsym";
				ENABLE_NS_ASSERTIONS = NO;
				ENABLE_STRICT_OBJC_MSGSEND = YES;
				GCC_C_LANGUAGE_STANDARD = gnu11;
				GCC_NO_COMMON_BLOCKS = YES;
				GCC_WARN_64_TO_32_BIT_CONVERSION = YES;
				GCC_WARN_ABOUT_RETURN_TYPE = YES_ERROR;
				GCC_WARN_UNDECLARED_SELECTOR = YES;
				GCC_WARN_UNINITIALIZED_AUTOS = YES_AGGRESSIVE;
				GCC_WARN_UNUSED_FUNCTION = YES;
				GCC_WARN_UNUSED_VARIABLE = YES;
				IPHONEOS_DEPLOYMENT_TARGET = 15.5;
				MTL_ENABLE_DEBUG_INFO = NO;
				MTL_FAST_MATH = YES;
				SDKROOT = iphoneos;
				SWIFT_COMPILATION_MODE = wholemodule;
				SWIFT_OPTIMIZATION_LEVEL = "-O";
				VALIDATE_PRODUCT = YES;
			};
			name = Release;
		};
		8799C0F2288F00C100E06A7F /* Debug */ = {
			isa = XCBuildConfiguration;
			baseConfigurationReference = 4C8823F0AE6A914687A4226A /* Pods-AudioKurakin.debug.xcconfig */;
			buildSettings = {
				ASSETCATALOG_COMPILER_APPICON_NAME = AppIcon;
				ASSETCATALOG_COMPILER_GLOBAL_ACCENT_COLOR_NAME = AccentColor;
				CODE_SIGN_STYLE = Automatic;
				CURRENT_PROJECT_VERSION = 1;
				DEVELOPMENT_TEAM = HDHD4AMNPT;
				GENERATE_INFOPLIST_FILE = YES;
				INFOPLIST_FILE = AudioKurakin/Info.plist;
				INFOPLIST_KEY_UIApplicationSupportsIndirectInputEvents = YES;
				INFOPLIST_KEY_UILaunchStoryboardName = LaunchScreen;
				INFOPLIST_KEY_UIMainStoryboardFile = Main;
				INFOPLIST_KEY_UISupportedInterfaceOrientations_iPad = "UIInterfaceOrientationPortrait UIInterfaceOrientationPortraitUpsideDown UIInterfaceOrientationLandscapeLeft UIInterfaceOrientationLandscapeRight";
				INFOPLIST_KEY_UISupportedInterfaceOrientations_iPhone = "UIInterfaceOrientationPortrait UIInterfaceOrientationLandscapeLeft UIInterfaceOrientationLandscapeRight";
				LD_RUNPATH_SEARCH_PATHS = (
					"$(inherited)",
					"@executable_path/Frameworks",
				);
				MARKETING_VERSION = 1.0;
				PRODUCT_BUNDLE_IDENTIFIER = com.home.AudioKurakin;
				PRODUCT_NAME = "$(TARGET_NAME)";
				SWIFT_EMIT_LOC_STRINGS = YES;
				SWIFT_VERSION = 5.0;
				TARGETED_DEVICE_FAMILY = "1,2";
			};
			name = Debug;
		};
		8799C0F3288F00C100E06A7F /* Release */ = {
			isa = XCBuildConfiguration;
			baseConfigurationReference = BD8CBA242E2E9C9B1F12D51C /* Pods-AudioKurakin.release.xcconfig */;
			buildSettings = {
				ASSETCATALOG_COMPILER_APPICON_NAME = AppIcon;
				ASSETCATALOG_COMPILER_GLOBAL_ACCENT_COLOR_NAME = AccentColor;
				CODE_SIGN_STYLE = Automatic;
				CURRENT_PROJECT_VERSION = 1;
				DEVELOPMENT_TEAM = HDHD4AMNPT;
				GENERATE_INFOPLIST_FILE = YES;
				INFOPLIST_FILE = AudioKurakin/Info.plist;
				INFOPLIST_KEY_UIApplicationSupportsIndirectInputEvents = YES;
				INFOPLIST_KEY_UILaunchStoryboardName = LaunchScreen;
				INFOPLIST_KEY_UIMainStoryboardFile = Main;
				INFOPLIST_KEY_UISupportedInterfaceOrientations_iPad = "UIInterfaceOrientationPortrait UIInterfaceOrientationPortraitUpsideDown UIInterfaceOrientationLandscapeLeft UIInterfaceOrientationLandscapeRight";
				INFOPLIST_KEY_UISupportedInterfaceOrientations_iPhone = "UIInterfaceOrientationPortrait UIInterfaceOrientationLandscapeLeft UIInterfaceOrientationLandscapeRight";
				LD_RUNPATH_SEARCH_PATHS = (
					"$(inherited)",
					"@executable_path/Frameworks",
				);
				MARKETING_VERSION = 1.0;
				PRODUCT_BUNDLE_IDENTIFIER = com.home.AudioKurakin;
				PRODUCT_NAME = "$(TARGET_NAME)";
				SWIFT_EMIT_LOC_STRINGS = YES;
				SWIFT_VERSION = 5.0;
				TARGETED_DEVICE_FAMILY = "1,2";
			};
			name = Release;
		};
/* End XCBuildConfiguration section */

/* Begin XCConfigurationList section */
		8799C0D8288F00C000E06A7F /* Build configuration list for PBXProject "AudioKurakin" */ = {
			isa = XCConfigurationList;
			buildConfigurations = (
				8799C0EF288F00C100E06A7F /* Debug */,
				8799C0F0288F00C100E06A7F /* Release */,
			);
			defaultConfigurationIsVisible = 0;
			defaultConfigurationName = Release;
		};
		8799C0F1288F00C100E06A7F /* Build configuration list for PBXNativeTarget "AudioKurakin" */ = {
			isa = XCConfigurationList;
			buildConfigurations = (
				8799C0F2288F00C100E06A7F /* Debug */,
				8799C0F3288F00C100E06A7F /* Release */,
			);
			defaultConfigurationIsVisible = 0;
			defaultConfigurationName = Release;
		};
/* End XCConfigurationList section */

/* Begin XCRemoteSwiftPackageReference section */
		8799C1162891752A00E06A7F /* XCRemoteSwiftPackageReference "AudioKit" */ = {
			isa = XCRemoteSwiftPackageReference;
			repositoryURL = "https://github.com/AudioKit/AudioKit.git";
			requirement = {
				kind = upToNextMajorVersion;
				minimumVersion = 5.0.0;
			};
		};
/* End XCRemoteSwiftPackageReference section */
	};
	rootObject = 8799C0D5288F00C000E06A7F /* Project object */;
}
